
Microsoft Visual Studio Solution File, Format Version 12.00
# Visual Studio Version 16
VisualStudioVersion = 16.0.30011.22
MinimumVisualStudioVersion = 10.0.40219.1
Project("{FAE04EC0-301F-11D3-BF4B-00C04F79EFBC}") = "Calculator", "Calculator\Calculator.csproj", "{B5D88649-7A4B-40DE-831E-733724467961}"
EndProject
Global
	GlobalSection(SolutionConfigurationPlatforms) = preSolution
		Debug|Any CPU = Debug|Any CPU
		Release|Any CPU = Release|Any CPU
	EndGlobalSection
	GlobalSection(ProjectConfigurationPlatforms) = postSolution
		{B5D88649-7A4B-40DE-831E-733724467961}.Debug|Any CPU.ActiveCfg = Debug|Any CPU
		{B5D88649-7A4B-40DE-831E-733724467961}.Debug|Any CPU.Build.0 = Debug|Any CPU
		{B5D88649-7A4B-40DE-831E-733724467961}.Release|Any CPU.ActiveCfg = Release|Any CPU
		{B5D88649-7A4B-40DE-831E-733724467961}.Release|Any CPU.Build.0 = Release|Any CPU
	EndGlobalSection
	GlobalSection(SolutionProperties) = preSolution
		HideSolutionNode = FALSE
	EndGlobalSection
	GlobalSection(ExtensibilityGlobals) = postSolution
		SolutionGuid = {B2A1F726-810F-4229-B314-0E14517FF7B7}
	EndGlobalSection
EndGlobal
